
Microsoft Visual Studio Solution File, Format Version 12.00
# Visual Studio Version 17
VisualStudioVersion = 17.8.34525.116
MinimumVisualStudioVersion = 10.0.40219.1
Project("{FAE04EC0-301F-11D3-BF4B-00C04F79EFBC}") = "ZooProgram", "ZooProgram\ZooProgram.csproj", "{88C6DAAE-58D5-4CE6-B170-93021E780521}"
EndProject
Global
	GlobalSection(SolutionConfigurationPlatforms) = preSolution
		Debug|Any CPU = Debug|Any CPU
		Release|Any CPU = Release|Any CPU
	EndGlobalSection
	GlobalSection(ProjectConfigurationPlatforms) = postSolution
		{88C6DAAE-58D5-4CE6-B170-93021E780521}.Debug|Any CPU.ActiveCfg = Debug|Any CPU
		{88C6DAAE-58D5-4CE6-B170-93021E780521}.Debug|Any CPU.Build.0 = Debug|Any CPU
		{88C6DAAE-58D5-4CE6-B170-93021E780521}.Release|Any CPU.ActiveCfg = Release|Any CPU
		{88C6DAAE-58D5-4CE6-B170-93021E780521}.Release|Any CPU.Build.0 = Release|Any CPU
	EndGlobalSection
	GlobalSection(SolutionProperties) = preSolution
		HideSolutionNode = FALSE
	EndGlobalSection
	GlobalSection(ExtensibilityGlobals) = postSolution
		SolutionGuid = {A0B3468D-B685-4E16-861C-99221E23E2AA}
	EndGlobalSection
EndGlobal
